// !$*UTF8*$!
{
	archiveVersion = 1;
	classes = {
	};
	objectVersion = 46;
	objects = {

/* Begin PBXBuildFile section */
		E94616C51CFE5DA400FC4C68 /* Main.cpp in Sources */ = {isa = PBXBuildFile; fileRef = E94616C41CFE5DA400FC4C68 /* Main.cpp */; };
		E94616D41CFE5FC900FC4C68 /* BinarySearchTree.cpp in Sources */ = {isa = PBXBuildFile; fileRef = E94616D21CFE5FC900FC4C68 /* BinarySearchTree.cpp */; };
		E94616D81CFE84DD00FC4C68 /* data.txt in CopyFiles */ = {isa = PBXBuildFile; fileRef = E94616D51CFE826800FC4C68 /* data.txt */; };
		E94616DA1CFF393000FC4C68 /* BSTNode.cpp in Sources */ = {isa = PBXBuildFile; fileRef = E94616D91CFF393000FC4C68 /* BSTNode.cpp */; };
		E94616DE1CFF890100FC4C68 /* UnorderedLinkedList.cpp in Sources */ = {isa = PBXBuildFile; fileRef = E94616DC1CFF890100FC4C68 /* UnorderedLinkedList.cpp */; };
		E94616E11CFF899300FC4C68 /* ULLNode.cpp in Sources */ = {isa = PBXBuildFile; fileRef = E94616DF1CFF899300FC4C68 /* ULLNode.cpp */; };
		E9F6D4011CFF91220031597E /* GLUT.framework in Frameworks */ = {isa = PBXBuildFile; fileRef = E9F6D4001CFF91220031597E /* GLUT.framework */; };
		E9F6D4031CFF912B0031597E /* OpenGL.framework in Frameworks */ = {isa = PBXBuildFile; fileRef = E9F6D4021CFF912B0031597E /* OpenGL.framework */; };
		E9F6D40E1D007A9B0031597E /* Stack.cpp in Sources */ = {isa = PBXBuildFile; fileRef = E9F6D40C1D007A9B0031597E /* Stack.cpp */; };
		E9F6D4111D007BD50031597E /* Queue.cpp in Sources */ = {isa = PBXBuildFile; fileRef = E9F6D40F1D007BD50031597E /* Queue.cpp */; };
/* End PBXBuildFile section */

/* Begin PBXCopyFilesBuildPhase section */
		E94616BF1CFE5DA400FC4C68 /* CopyFiles */ = {
			isa = PBXCopyFilesBuildPhase;
			buildActionMask = 2147483647;
			dstPath = /usr/share/man/man1/;
			dstSubfolderSpec = 0;
			files = (
			);
			runOnlyForDeploymentPostprocessing = 1;
		};
		E94616D61CFE843A00FC4C68 /* CopyFiles */ = {
			isa = PBXCopyFilesBuildPhase;
			buildActionMask = 2147483647;
			dstPath = "";
			dstSubfolderSpec = 16;
			files = (
				E94616D81CFE84DD00FC4C68 /* data.txt in CopyFiles */,
			);
			runOnlyForDeploymentPostprocessing = 0;
		};
/* End PBXCopyFilesBuildPhase section */

/* Begin PBXFileReference section */
		E94616C11CFE5DA400FC4C68 /* BST */ = {isa = PBXFileReference; explicitFileType = "compiled.mach-o.executable"; includeInIndex = 0; path = BST; sourceTree = BUILT_PRODUCTS_DIR; };
		E94616C41CFE5DA400FC4C68 /* Main.cpp */ = {isa = PBXFileReference; lastKnownFileType = sourcecode.cpp.cpp; path = Main.cpp; sourceTree = "<group>"; };
		E94616D01CFE5F9F00FC4C68 /* BSTNode.h */ = {isa = PBXFileReference; fileEncoding = 4; lastKnownFileType = sourcecode.c.h; path = BSTNode.h; sourceTree = "<group>"; };
		E94616D21CFE5FC900FC4C68 /* BinarySearchTree.cpp */ = {isa = PBXFileReference; fileEncoding = 4; lastKnownFileType = sourcecode.cpp.cpp; path = BinarySearchTree.cpp; sourceTree = "<group>"; };
		E94616D51CFE826800FC4C68 /* data.txt */ = {isa = PBXFileReference; fileEncoding = 4; lastKnownFileType = text; path = data.txt; sourceTree = "<group>"; };
		E94616D91CFF393000FC4C68 /* BSTNode.cpp */ = {isa = PBXFileReference; fileEncoding = 4; lastKnownFileType = sourcecode.cpp.cpp; path = BSTNode.cpp; sourceTree = "<group>"; };
		E94616DB1CFF3A4800FC4C68 /* BinarySearchTree.h */ = {isa = PBXFileReference; lastKnownFileType = sourcecode.c.h; path = BinarySearchTree.h; sourceTree = "<group>"; };
		E94616DC1CFF890100FC4C68 /* UnorderedLinkedList.cpp */ = {isa = PBXFileReference; fileEncoding = 4; lastKnownFileType = sourcecode.cpp.cpp; path = UnorderedLinkedList.cpp; sourceTree = "<group>"; };
		E94616DD1CFF890100FC4C68 /* UnorderedLinkedList.h */ = {isa = PBXFileReference; fileEncoding = 4; lastKnownFileType = sourcecode.c.h; path = UnorderedLinkedList.h; sourceTree = "<group>"; };
		E94616DF1CFF899300FC4C68 /* ULLNode.cpp */ = {isa = PBXFileReference; fileEncoding = 4; lastKnownFileType = sourcecode.cpp.cpp; path = ULLNode.cpp; sourceTree = "<group>"; };
		E94616E01CFF899300FC4C68 /* ULLNode.h */ = {isa = PBXFileReference; fileEncoding = 4; lastKnownFileType = sourcecode.c.h; path = ULLNode.h; sourceTree = "<group>"; };
		E9F6D4001CFF91220031597E /* GLUT.framework */ = {isa = PBXFileReference; lastKnownFileType = wrapper.framework; name = GLUT.framework; path = System/Library/Frameworks/GLUT.framework; sourceTree = SDKROOT; };
		E9F6D4021CFF912B0031597E /* OpenGL.framework */ = {isa = PBXFileReference; lastKnownFileType = wrapper.framework; name = OpenGL.framework; path = System/Library/Frameworks/OpenGL.framework; sourceTree = SDKROOT; };
		E9F6D40C1D007A9B0031597E /* Stack.cpp */ = {isa = PBXFileReference; fileEncoding = 4; lastKnownFileType = sourcecode.cpp.cpp; path = Stack.cpp; sourceTree = "<group>"; };
		E9F6D40D1D007A9B0031597E /* Stack.h */ = {isa = PBXFileReference; fileEncoding = 4; lastKnownFileType = sourcecode.c.h; path = Stack.h; sourceTree = "<group>"; };
		E9F6D40F1D007BD50031597E /* Queue.cpp */ = {isa = PBXFileReference; fileEncoding = 4; lastKnownFileType = sourcecode.cpp.cpp; path = Queue.cpp; sourceTree = "<group>"; };
		E9F6D4101D007BD50031597E /* Queue.h */ = {isa = PBXFileReference; fileEncoding = 4; lastKnownFileType = sourcecode.c.h; path = Queue.h; sourceTree = "<group>"; };
/* End PBXFileReference section */

/* Begin PBXFrameworksBuildPhase section */
		E94616BE1CFE5DA400FC4C68 /* Frameworks */ = {
			isa = PBXFrameworksBuildPhase;
			buildActionMask = 2147483647;
			files = (
				E9F6D4031CFF912B0031597E /* OpenGL.framework in Frameworks */,
				E9F6D4011CFF91220031597E /* GLUT.framework in Frameworks */,
			);
			runOnlyForDeploymentPostprocessing = 0;
		};
/* End PBXFrameworksBuildPhase section */

/* Begin PBXGroup section */
		E94616B81CFE5DA400FC4C68 = {
			isa = PBXGroup;
			children = (
				E9F6D4021CFF912B0031597E /* OpenGL.framework */,
				E9F6D4001CFF91220031597E /* GLUT.framework */,
				E94616C31CFE5DA400FC4C68 /* BST */,
				E94616C21CFE5DA400FC4C68 /* Products */,
				E94616D51CFE826800FC4C68 /* data.txt */,
			);
			sourceTree = "<group>";
		};
		E94616C21CFE5DA400FC4C68 /* Products */ = {
			isa = PBXGroup;
			children = (
				E94616C11CFE5DA400FC4C68 /* BST */,
			);
			name = Products;
			sourceTree = "<group>";
		};
		E94616C31CFE5DA400FC4C68 /* BST */ = {
			isa = PBXGroup;
			children = (
				E94616C41CFE5DA400FC4C68 /* Main.cpp */,
				E94616D01CFE5F9F00FC4C68 /* BSTNode.h */,
				E94616D91CFF393000FC4C68 /* BSTNode.cpp */,
				E94616DB1CFF3A4800FC4C68 /* BinarySearchTree.h */,
				E94616D21CFE5FC900FC4C68 /* BinarySearchTree.cpp */,
				E94616E01CFF899300FC4C68 /* ULLNode.h */,
				E94616DF1CFF899300FC4C68 /* ULLNode.cpp */,
				E94616DD1CFF890100FC4C68 /* UnorderedLinkedList.h */,
				E94616DC1CFF890100FC4C68 /* UnorderedLinkedList.cpp */,
				E9F6D40C1D007A9B0031597E /* Stack.cpp */,
				E9F6D40D1D007A9B0031597E /* Stack.h */,
				E9F6D40F1D007BD50031597E /* Queue.cpp */,
				E9F6D4101D007BD50031597E /* Queue.h */,
			);
			path = BST;
			sourceTree = "<group>";
		};
/* End PBXGroup section */

/* Begin PBXNativeTarget section */
		E94616C01CFE5DA400FC4C68 /* BST */ = {
			isa = PBXNativeTarget;
			buildConfigurationList = E94616C81CFE5DA400FC4C68 /* Build configuration list for PBXNativeTarget "BST" */;
			buildPhases = (
				E94616BD1CFE5DA400FC4C68 /* Sources */,
				E94616BE1CFE5DA400FC4C68 /* Frameworks */,
				E94616BF1CFE5DA400FC4C68 /* CopyFiles */,
				E94616D61CFE843A00FC4C68 /* CopyFiles */,
			);
			buildRules = (
			);
			dependencies = (
			);
			name = BST;
			productName = BST;
			productReference = E94616C11CFE5DA400FC4C68 /* BST */;
			productType = "com.apple.product-type.tool";
		};
/* End PBXNativeTarget section */

/* Begin PBXProject section */
		E94616B91CFE5DA400FC4C68 /* Project object */ = {
			isa = PBXProject;
			attributes = {
				LastUpgradeCheck = 0730;
				ORGANIZATIONNAME = "Roshan Gautam";
				TargetAttributes = {
					E94616C01CFE5DA400FC4C68 = {
						CreatedOnToolsVersion = 7.3.1;
					};
				};
			};
			buildConfigurationList = E94616BC1CFE5DA400FC4C68 /* Build configuration list for PBXProject "BST" */;
			compatibilityVersion = "Xcode 3.2";
			developmentRegion = English;
			hasScannedForEncodings = 0;
			knownRegions = (
				en,
			);
			mainGroup = E94616B81CFE5DA400FC4C68;
			productRefGroup = E94616C21CFE5DA400FC4C68 /* Products */;
			projectDirPath = "";
			projectRoot = "";
			targets = (
				E94616C01CFE5DA400FC4C68 /* BST */,
			);
		};
/* End PBXProject section */

/* Begin PBXSourcesBuildPhase section */
		E94616BD1CFE5DA400FC4C68 /* Sources */ = {
			isa = PBXSourcesBuildPhase;
			buildActionMask = 2147483647;
			files = (
				E9F6D4111D007BD50031597E /* Queue.cpp in Sources */,
				E94616DA1CFF393000FC4C68 /* BSTNode.cpp in Sources */,
				E94616D41CFE5FC900FC4C68 /* BinarySearchTree.cpp in Sources */,
				E9F6D40E1D007A9B0031597E /* Stack.cpp in Sources */,
				E94616C51CFE5DA400FC4C68 /* Main.cpp in Sources */,
				E94616DE1CFF890100FC4C68 /* UnorderedLinkedList.cpp in Sources */,
				E94616E11CFF899300FC4C68 /* ULLNode.cpp in Sources */,
			);
			runOnlyForDeploymentPostprocessing = 0;
		};
/* End PBXSourcesBuildPhase section */

/* Begin XCBuildConfiguration section */
		E94616C61CFE5DA400FC4C68 /* Debug */ = {
			isa = XCBuildConfiguration;
			buildSettings = {
				ALWAYS_SEARCH_USER_PATHS = NO;
				CLANG_ANALYZER_NONNULL = YES;
				CLANG_CXX_LANGUAGE_STANDARD = "gnu++0x";
				CLANG_CXX_LIBRARY = "libc++";
				CLANG_ENABLE_MODULES = YES;
				CLANG_ENABLE_OBJC_ARC = YES;
				CLANG_WARN_BOOL_CONVERSION = YES;
				CLANG_WARN_CONSTANT_CONVERSION = YES;
				CLANG_WARN_DIRECT_OBJC_ISA_USAGE = YES_ERROR;
				CLANG_WARN_EMPTY_BODY = YES;
				CLANG_WARN_ENUM_CONVERSION = YES;
				CLANG_WARN_INT_CONVERSION = YES;
				CLANG_WARN_OBJC_ROOT_CLASS = YES_ERROR;
				CLANG_WARN_UNREACHABLE_CODE = YES;
				CLANG_WARN__DUPLICATE_METHOD_MATCH = YES;
				CODE_SIGN_IDENTITY = "-";
				COPY_PHASE_STRIP = NO;
				DEBUG_INFORMATION_FORMAT = dwarf;
				ENABLE_STRICT_OBJC_MSGSEND = YES;
				ENABLE_TESTABILITY = YES;
				GCC_C_LANGUAGE_STANDARD = gnu99;
				GCC_DYNAMIC_NO_PIC = NO;
				GCC_NO_COMMON_BLOCKS = YES;
				GCC_OPTIMIZATION_LEVEL = 0;
				GCC_PREPROCESSOR_DEFINITIONS = (
					"DEBUG=1",
					"$(inherited)",
				);
				GCC_WARN_64_TO_32_BIT_CONVERSION = YES;
				GCC_WARN_ABOUT_RETURN_TYPE = YES_ERROR;
				GCC_WARN_UNDECLARED_SELECTOR = YES;
				GCC_WARN_UNINITIALIZED_AUTOS = YES_AGGRESSIVE;
				GCC_WARN_UNUSED_FUNCTION = YES;
				GCC_WARN_UNUSED_VARIABLE = YES;
				MACOSX_DEPLOYMENT_TARGET = 10.11;
				MTL_ENABLE_DEBUG_INFO = YES;
				ONLY_ACTIVE_ARCH = YES;
				SDKROOT = macosx;
			};
			name = Debug;
		};
		E94616C71CFE5DA400FC4C68 /* Release */ = {
			isa = XCBuildConfiguration;
			buildSettings = {
				ALWAYS_SEARCH_USER_PATHS = NO;
				CLANG_ANALYZER_NONNULL = YES;
				CLANG_CXX_LANGUAGE_STANDARD = "gnu++0x";
				CLANG_CXX_LIBRARY = "libc++";
				CLANG_ENABLE_MODULES = YES;
				CLANG_ENABLE_OBJC_ARC = YES;
				CLANG_WARN_BOOL_CONVERSION = YES;
				CLANG_WARN_CONSTANT_CONVERSION = YES;
				CLANG_WARN_DIRECT_OBJC_ISA_USAGE = YES_ERROR;
				CLANG_WARN_EMPTY_BODY = YES;
				CLANG_WARN_ENUM_CONVERSION = YES;
				CLANG_WARN_INT_CONVERSION = YES;
				CLANG_WARN_OBJC_ROOT_CLASS = YES_ERROR;
				CLANG_WARN_UNREACHABLE_CODE = YES;
				CLANG_WARN__DUPLICATE_METHOD_MATCH = YES;
				CODE_SIGN_IDENTITY = "-";
				COPY_PHASE_STRIP = NO;
				DEBUG_INFORMATION_FORMAT = "dwarf-with-dsym";
				ENABLE_NS_ASSERTIONS = NO;
				ENABLE_STRICT_OBJC_MSGSEND = YES;
				GCC_C_LANGUAGE_STANDARD = gnu99;
				GCC_NO_COMMON_BLOCKS = YES;
				GCC_WARN_64_TO_32_BIT_CONVERSION = YES;
				GCC_WARN_ABOUT_RETURN_TYPE = YES_ERROR;
				GCC_WARN_UNDECLARED_SELECTOR = YES;
				GCC_WARN_UNINITIALIZED_AUTOS = YES_AGGRESSIVE;
				GCC_WARN_UNUSED_FUNCTION = YES;
				GCC_WARN_UNUSED_VARIABLE = YES;
				MACOSX_DEPLOYMENT_TARGET = 10.11;
				MTL_ENABLE_DEBUG_INFO = NO;
				SDKROOT = macosx;
			};
			name = Release;
		};
		E94616C91CFE5DA400FC4C68 /* Debug */ = {
			isa = XCBuildConfiguration;
			buildSettings = {
				GCC_WARN_ABOUT_DEPRECATED_FUNCTIONS = NO;
				PRODUCT_NAME = "$(TARGET_NAME)";
			};
			name = Debug;
		};
		E94616CA1CFE5DA400FC4C68 /* Release */ = {
			isa = XCBuildConfiguration;
			buildSettings = {
				GCC_WARN_ABOUT_DEPRECATED_FUNCTIONS = NO;
				PRODUCT_NAME = "$(TARGET_NAME)";
			};
			name = Release;
		};
/* End XCBuildConfiguration section */

/* Begin XCConfigurationList section */
		E94616BC1CFE5DA400FC4C68 /* Build configuration list for PBXProject "BST" */ = {
			isa = XCConfigurationList;
			buildConfigurations = (
				E94616C61CFE5DA400FC4C68 /* Debug */,
				E94616C71CFE5DA400FC4C68 /* Release */,
			);
			defaultConfigurationIsVisible = 0;
			defaultConfigurationName = Release;
		};
		E94616C81CFE5DA400FC4C68 /* Build configuration list for PBXNativeTarget "BST" */ = {
			isa = XCConfigurationList;
			buildConfigurations = (
				E94616C91CFE5DA400FC4C68 /* Debug */,
				E94616CA1CFE5DA400FC4C68 /* Release */,
			);
			defaultConfigurationIsVisible = 0;
			defaultConfigurationName = Release;
		};
/* End XCConfigurationList section */
	};
	rootObject = E94616B91CFE5DA400FC4C68 /* Project object */;
}
